// !$*UTF8*$!
{
	archiveVersion = 1;
	classes = {
	};
	objectVersion = 52;
	objects = {

/* Begin PBXBuildFile section */
		D9D3DB7F256E7BC00035560E /* PodcastAppApp.swift in Sources */ = {isa = PBXBuildFile; fileRef = D9D3DB7E256E7BC00035560E /* PodcastAppApp.swift */; };
		D9D3DB81256E7BC00035560E /* PodcastList.swift in Sources */ = {isa = PBXBuildFile; fileRef = D9D3DB80256E7BC00035560E /* PodcastList.swift */; };
		D9D3DB83256E7BC30035560E /* Assets.xcassets in Resources */ = {isa = PBXBuildFile; fileRef = D9D3DB82256E7BC30035560E /* Assets.xcassets */; };
		D9D3DB86256E7BC30035560E /* Preview Assets.xcassets in Resources */ = {isa = PBXBuildFile; fileRef = D9D3DB85256E7BC30035560E /* Preview Assets.xcassets */; };
		D9D3DB91256E7BC30035560E /* PodcastAppTests.swift in Sources */ = {isa = PBXBuildFile; fileRef = D9D3DB90256E7BC30035560E /* PodcastAppTests.swift */; };
		D9D3DB9C256E7BC30035560E /* PodcastAppUITests.swift in Sources */ = {isa = PBXBuildFile; fileRef = D9D3DB9B256E7BC30035560E /* PodcastAppUITests.swift */; };
		D9D3DBAE256E89C80035560E /* Alamofire in Frameworks */ = {isa = PBXBuildFile; productRef = D9D3DBAD256E89C80035560E /* Alamofire */; };
		D9D3DBB3256E8EB80035560E /* PodcastListViewModel.swift in Sources */ = {isa = PBXBuildFile; fileRef = D9D3DBB2256E8EB80035560E /* PodcastListViewModel.swift */; };
		D9D3DBBC256E8F930035560E /* Podcast.swift in Sources */ = {isa = PBXBuildFile; fileRef = D9D3DBBB256E8F930035560E /* Podcast.swift */; };
		D9D3DBC4256E92B40035560E /* Episode.swift in Sources */ = {isa = PBXBuildFile; fileRef = D9D3DBC3256E92B40035560E /* Episode.swift */; };
		D9D3DBCD256E99BB0035560E /* Data.swift in Sources */ = {isa = PBXBuildFile; fileRef = D9D3DBCC256E99BB0035560E /* Data.swift */; };
		D9D3DBD4256E9B540035560E /* podcasts.json in Resources */ = {isa = PBXBuildFile; fileRef = D9D3DBD3256E9B540035560E /* podcasts.json */; };
		D9D3DBDA256E9C0D0035560E /* PodcastRow.swift in Sources */ = {isa = PBXBuildFile; fileRef = D9D3DBD9256E9C0D0035560E /* PodcastRow.swift */; };
		D9D3DBE2256EA2AE0035560E /* PodcastDetail.swift in Sources */ = {isa = PBXBuildFile; fileRef = D9D3DBE1256EA2AE0035560E /* PodcastDetail.swift */; };
		D9D3DBE8256EBB510035560E /* FeedParser.swift in Sources */ = {isa = PBXBuildFile; fileRef = D9D3DBE7256EBB510035560E /* FeedParser.swift */; };
/* End PBXBuildFile section */

/* Begin PBXContainerItemProxy section */
		D9D3DB8D256E7BC30035560E /* PBXContainerItemProxy */ = {
			isa = PBXContainerItemProxy;
			containerPortal = D9D3DB73256E7BC00035560E /* Project object */;
			proxyType = 1;
			remoteGlobalIDString = D9D3DB7A256E7BC00035560E;
			remoteInfo = PodcastApp;
		};
		D9D3DB98256E7BC30035560E /* PBXContainerItemProxy */ = {
			isa = PBXContainerItemProxy;
			containerPortal = D9D3DB73256E7BC00035560E /* Project object */;
			proxyType = 1;
			remoteGlobalIDString = D9D3DB7A256E7BC00035560E;
			remoteInfo = PodcastApp;
		};
/* End PBXContainerItemProxy section */

/* Begin PBXFileReference section */
		D9D3DB7B256E7BC00035560E /* PodcastApp.app */ = {isa = PBXFileReference; explicitFileType = wrapper.application; includeInIndex = 0; path = PodcastApp.app; sourceTree = BUILT_PRODUCTS_DIR; };
		D9D3DB7E256E7BC00035560E /* PodcastAppApp.swift */ = {isa = PBXFileReference; lastKnownFileType = sourcecode.swift; path = PodcastAppApp.swift; sourceTree = "<group>"; };
		D9D3DB80256E7BC00035560E /* PodcastList.swift */ = {isa = PBXFileReference; lastKnownFileType = sourcecode.swift; path = PodcastList.swift; sourceTree = "<group>"; };
		D9D3DB82256E7BC30035560E /* Assets.xcassets */ = {isa = PBXFileReference; lastKnownFileType = folder.assetcatalog; path = Assets.xcassets; sourceTree = "<group>"; };
		D9D3DB85256E7BC30035560E /* Preview Assets.xcassets */ = {isa = PBXFileReference; lastKnownFileType = folder.assetcatalog; path = "Preview Assets.xcassets"; sourceTree = "<group>"; };
		D9D3DB87256E7BC30035560E /* Info.plist */ = {isa = PBXFileReference; lastKnownFileType = text.plist.xml; path = Info.plist; sourceTree = "<group>"; };
		D9D3DB8C256E7BC30035560E /* PodcastAppTests.xctest */ = {isa = PBXFileReference; explicitFileType = wrapper.cfbundle; includeInIndex = 0; path = PodcastAppTests.xctest; sourceTree = BUILT_PRODUCTS_DIR; };
		D9D3DB90256E7BC30035560E /* PodcastAppTests.swift */ = {isa = PBXFileReference; lastKnownFileType = sourcecode.swift; path = PodcastAppTests.swift; sourceTree = "<group>"; };
		D9D3DB92256E7BC30035560E /* Info.plist */ = {isa = PBXFileReference; lastKnownFileType = text.plist.xml; path = Info.plist; sourceTree = "<group>"; };
		D9D3DB97256E7BC30035560E /* PodcastAppUITests.xctest */ = {isa = PBXFileReference; explicitFileType = wrapper.cfbundle; includeInIndex = 0; path = PodcastAppUITests.xctest; sourceTree = BUILT_PRODUCTS_DIR; };
		D9D3DB9B256E7BC30035560E /* PodcastAppUITests.swift */ = {isa = PBXFileReference; lastKnownFileType = sourcecode.swift; path = PodcastAppUITests.swift; sourceTree = "<group>"; };
		D9D3DB9D256E7BC30035560E /* Info.plist */ = {isa = PBXFileReference; lastKnownFileType = text.plist.xml; path = Info.plist; sourceTree = "<group>"; };
		D9D3DBB2256E8EB80035560E /* PodcastListViewModel.swift */ = {isa = PBXFileReference; lastKnownFileType = sourcecode.swift; path = PodcastListViewModel.swift; sourceTree = "<group>"; };
		D9D3DBBB256E8F930035560E /* Podcast.swift */ = {isa = PBXFileReference; lastKnownFileType = sourcecode.swift; path = Podcast.swift; sourceTree = "<group>"; };
		D9D3DBC3256E92B40035560E /* Episode.swift */ = {isa = PBXFileReference; lastKnownFileType = sourcecode.swift; path = Episode.swift; sourceTree = "<group>"; };
		D9D3DBCC256E99BB0035560E /* Data.swift */ = {isa = PBXFileReference; lastKnownFileType = sourcecode.swift; path = Data.swift; sourceTree = "<group>"; };
		D9D3DBD3256E9B540035560E /* podcasts.json */ = {isa = PBXFileReference; fileEncoding = 4; lastKnownFileType = text.json; path = podcasts.json; sourceTree = "<group>"; };
		D9D3DBD9256E9C0D0035560E /* PodcastRow.swift */ = {isa = PBXFileReference; lastKnownFileType = sourcecode.swift; path = PodcastRow.swift; sourceTree = "<group>"; };
		D9D3DBE1256EA2AE0035560E /* PodcastDetail.swift */ = {isa = PBXFileReference; lastKnownFileType = sourcecode.swift; path = PodcastDetail.swift; sourceTree = "<group>"; };
		D9D3DBE7256EBB510035560E /* FeedParser.swift */ = {isa = PBXFileReference; lastKnownFileType = sourcecode.swift; path = FeedParser.swift; sourceTree = "<group>"; };
/* End PBXFileReference section */

/* Begin PBXFrameworksBuildPhase section */
		D9D3DB78256E7BC00035560E /* Frameworks */ = {
			isa = PBXFrameworksBuildPhase;
			buildActionMask = 2147483647;
			files = (
				D9D3DBAE256E89C80035560E /* Alamofire in Frameworks */,
			);
			runOnlyForDeploymentPostprocessing = 0;
		};
		D9D3DB89256E7BC30035560E /* Frameworks */ = {
			isa = PBXFrameworksBuildPhase;
			buildActionMask = 2147483647;
			files = (
			);
			runOnlyForDeploymentPostprocessing = 0;
		};
		D9D3DB94256E7BC30035560E /* Frameworks */ = {
			isa = PBXFrameworksBuildPhase;
			buildActionMask = 2147483647;
			files = (
			);
			runOnlyForDeploymentPostprocessing = 0;
		};
/* End PBXFrameworksBuildPhase section */

/* Begin PBXGroup section */
		D9D3DB72256E7BC00035560E = {
			isa = PBXGroup;
			children = (
				D9D3DB7D256E7BC00035560E /* PodcastApp */,
				D9D3DB8F256E7BC30035560E /* PodcastAppTests */,
				D9D3DB9A256E7BC30035560E /* PodcastAppUITests */,
				D9D3DB7C256E7BC00035560E /* Products */,
			);
			sourceTree = "<group>";
		};
		D9D3DB7C256E7BC00035560E /* Products */ = {
			isa = PBXGroup;
			children = (
				D9D3DB7B256E7BC00035560E /* PodcastApp.app */,
				D9D3DB8C256E7BC30035560E /* PodcastAppTests.xctest */,
				D9D3DB97256E7BC30035560E /* PodcastAppUITests.xctest */,
			);
			name = Products;
			sourceTree = "<group>";
		};
		D9D3DB7D256E7BC00035560E /* PodcastApp */ = {
			isa = PBXGroup;
			children = (
				D9D3DBE6256EBAA40035560E /* Support */,
				D9D3DBD8256E9BB40035560E /* Views */,
				D9D3DBC8256E96FD0035560E /* Resources */,
				D9D3DBBA256E8F890035560E /* Model */,
				D9D3DB7E256E7BC00035560E /* PodcastAppApp.swift */,
				D9D3DB80256E7BC00035560E /* PodcastList.swift */,
				D9D3DBB2256E8EB80035560E /* PodcastListViewModel.swift */,
				D9D3DB82256E7BC30035560E /* Assets.xcassets */,
				D9D3DB87256E7BC30035560E /* Info.plist */,
				D9D3DB84256E7BC30035560E /* Preview Content */,
			);
			path = PodcastApp;
			sourceTree = "<group>";
		};
		D9D3DB84256E7BC30035560E /* Preview Content */ = {
			isa = PBXGroup;
			children = (
				D9D3DB85256E7BC30035560E /* Preview Assets.xcassets */,
			);
			path = "Preview Content";
			sourceTree = "<group>";
		};
		D9D3DB8F256E7BC30035560E /* PodcastAppTests */ = {
			isa = PBXGroup;
			children = (
				D9D3DB90256E7BC30035560E /* PodcastAppTests.swift */,
				D9D3DB92256E7BC30035560E /* Info.plist */,
			);
			path = PodcastAppTests;
			sourceTree = "<group>";
		};
		D9D3DB9A256E7BC30035560E /* PodcastAppUITests */ = {
			isa = PBXGroup;
			children = (
				D9D3DB9B256E7BC30035560E /* PodcastAppUITests.swift */,
				D9D3DB9D256E7BC30035560E /* Info.plist */,
			);
			path = PodcastAppUITests;
			sourceTree = "<group>";
		};
		D9D3DBBA256E8F890035560E /* Model */ = {
			isa = PBXGroup;
			children = (
				D9D3DBBB256E8F930035560E /* Podcast.swift */,
				D9D3DBC3256E92B40035560E /* Episode.swift */,
				D9D3DBCC256E99BB0035560E /* Data.swift */,
			);
			path = Model;
			sourceTree = "<group>";
		};
		D9D3DBC8256E96FD0035560E /* Resources */ = {
			isa = PBXGroup;
			children = (
				D9D3DBD3256E9B540035560E /* podcasts.json */,
			);
			path = Resources;
			sourceTree = "<group>";
		};
		D9D3DBD8256E9BB40035560E /* Views */ = {
			isa = PBXGroup;
			children = (
				D9D3DBD9256E9C0D0035560E /* PodcastRow.swift */,
				D9D3DBE1256EA2AE0035560E /* PodcastDetail.swift */,
			);
			path = Views;
			sourceTree = "<group>";
		};
		D9D3DBE6256EBAA40035560E /* Support */ = {
			isa = PBXGroup;
			children = (
				D9D3DBE7256EBB510035560E /* FeedParser.swift */,
			);
			path = Support;
			sourceTree = "<group>";
		};
/* End PBXGroup section */

/* Begin PBXNativeTarget section */
		D9D3DB7A256E7BC00035560E /* PodcastApp */ = {
			isa = PBXNativeTarget;
			buildConfigurationList = D9D3DBA0256E7BC30035560E /* Build configuration list for PBXNativeTarget "PodcastApp" */;
			buildPhases = (
				D9D3DB77256E7BC00035560E /* Sources */,
				D9D3DB78256E7BC00035560E /* Frameworks */,
				D9D3DB79256E7BC00035560E /* Resources */,
			);
			buildRules = (
			);
			dependencies = (
			);
			name = PodcastApp;
			packageProductDependencies = (
				D9D3DBAD256E89C80035560E /* Alamofire */,
			);
			productName = PodcastApp;
			productReference = D9D3DB7B256E7BC00035560E /* PodcastApp.app */;
			productType = "com.apple.product-type.application";
		};
		D9D3DB8B256E7BC30035560E /* PodcastAppTests */ = {
			isa = PBXNativeTarget;
			buildConfigurationList = D9D3DBA3256E7BC30035560E /* Build configuration list for PBXNativeTarget "PodcastAppTests" */;
			buildPhases = (
				D9D3DB88256E7BC30035560E /* Sources */,
				D9D3DB89256E7BC30035560E /* Frameworks */,
				D9D3DB8A256E7BC30035560E /* Resources */,
			);
			buildRules = (
			);
			dependencies = (
				D9D3DB8E256E7BC30035560E /* PBXTargetDependency */,
			);
			name = PodcastAppTests;
			productName = PodcastAppTests;
			productReference = D9D3DB8C256E7BC30035560E /* PodcastAppTests.xctest */;
			productType = "com.apple.product-type.bundle.unit-test";
		};
		D9D3DB96256E7BC30035560E /* PodcastAppUITests */ = {
			isa = PBXNativeTarget;
			buildConfigurationList = D9D3DBA6256E7BC30035560E /* Build configuration list for PBXNativeTarget "PodcastAppUITests" */;
			buildPhases = (
				D9D3DB93256E7BC30035560E /* Sources */,
				D9D3DB94256E7BC30035560E /* Frameworks */,
				D9D3DB95256E7BC30035560E /* Resources */,
			);
			buildRules = (
			);
			dependencies = (
				D9D3DB99256E7BC30035560E /* PBXTargetDependency */,
			);
			name = PodcastAppUITests;
			productName = PodcastAppUITests;
			productReference = D9D3DB97256E7BC30035560E /* PodcastAppUITests.xctest */;
			productType = "com.apple.product-type.bundle.ui-testing";
		};
/* End PBXNativeTarget section */

/* Begin PBXProject section */
		D9D3DB73256E7BC00035560E /* Project object */ = {
			isa = PBXProject;
			attributes = {
				LastSwiftUpdateCheck = 1220;
				LastUpgradeCheck = 1220;
				TargetAttributes = {
					D9D3DB7A256E7BC00035560E = {
						CreatedOnToolsVersion = 12.2;
					};
					D9D3DB8B256E7BC30035560E = {
						CreatedOnToolsVersion = 12.2;
						TestTargetID = D9D3DB7A256E7BC00035560E;
					};
					D9D3DB96256E7BC30035560E = {
						CreatedOnToolsVersion = 12.2;
						TestTargetID = D9D3DB7A256E7BC00035560E;
					};
				};
			};
			buildConfigurationList = D9D3DB76256E7BC00035560E /* Build configuration list for PBXProject "PodcastApp" */;
			compatibilityVersion = "Xcode 9.3";
			developmentRegion = en;
			hasScannedForEncodings = 0;
			knownRegions = (
				en,
				Base,
			);
			mainGroup = D9D3DB72256E7BC00035560E;
			packageReferences = (
				D9D3DBAC256E89C80035560E /* XCRemoteSwiftPackageReference "Alamofire" */,
			);
			productRefGroup = D9D3DB7C256E7BC00035560E /* Products */;
			projectDirPath = "";
			projectRoot = "";
			targets = (
				D9D3DB7A256E7BC00035560E /* PodcastApp */,
				D9D3DB8B256E7BC30035560E /* PodcastAppTests */,
				D9D3DB96256E7BC30035560E /* PodcastAppUITests */,
			);
		};
/* End PBXProject section */

/* Begin PBXResourcesBuildPhase section */
		D9D3DB79256E7BC00035560E /* Resources */ = {
			isa = PBXResourcesBuildPhase;
			buildActionMask = 2147483647;
			files = (
				D9D3DBD4256E9B540035560E /* podcasts.json in Resources */,
				D9D3DB86256E7BC30035560E /* Preview Assets.xcassets in Resources */,
				D9D3DB83256E7BC30035560E /* Assets.xcassets in Resources */,
			);
			runOnlyForDeploymentPostprocessing = 0;
		};
		D9D3DB8A256E7BC30035560E /* Resources */ = {
			isa = PBXResourcesBuildPhase;
			buildActionMask = 2147483647;
			files = (
			);
			runOnlyForDeploymentPostprocessing = 0;
		};
		D9D3DB95256E7BC30035560E /* Resources */ = {
			isa = PBXResourcesBuildPhase;
			buildActionMask = 2147483647;
			files = (
			);
			runOnlyForDeploymentPostprocessing = 0;
		};
/* End PBXResourcesBuildPhase section */

/* Begin PBXSourcesBuildPhase section */
		D9D3DB77256E7BC00035560E /* Sources */ = {
			isa = PBXSourcesBuildPhase;
			buildActionMask = 2147483647;
			files = (
				D9D3DB81256E7BC00035560E /* PodcastList.swift in Sources */,
				D9D3DBCD256E99BB0035560E /* Data.swift in Sources */,
				D9D3DBB3256E8EB80035560E /* PodcastListViewModel.swift in Sources */,
				D9D3DBE8256EBB510035560E /* FeedParser.swift in Sources */,
				D9D3DBBC256E8F930035560E /* Podcast.swift in Sources */,
				D9D3DBC4256E92B40035560E /* Episode.swift in Sources */,
				D9D3DB7F256E7BC00035560E /* PodcastAppApp.swift in Sources */,
				D9D3DBDA256E9C0D0035560E /* PodcastRow.swift in Sources */,
				D9D3DBE2256EA2AE0035560E /* PodcastDetail.swift in Sources */,
			);
			runOnlyForDeploymentPostprocessing = 0;
		};
		D9D3DB88256E7BC30035560E /* Sources */ = {
			isa = PBXSourcesBuildPhase;
			buildActionMask = 2147483647;
			files = (
				D9D3DB91256E7BC30035560E /* PodcastAppTests.swift in Sources */,
			);
			runOnlyForDeploymentPostprocessing = 0;
		};
		D9D3DB93256E7BC30035560E /* Sources */ = {
			isa = PBXSourcesBuildPhase;
			buildActionMask = 2147483647;
			files = (
				D9D3DB9C256E7BC30035560E /* PodcastAppUITests.swift in Sources */,
			);
			runOnlyForDeploymentPostprocessing = 0;
		};
/* End PBXSourcesBuildPhase section */

/* Begin PBXTargetDependency section */
		D9D3DB8E256E7BC30035560E /* PBXTargetDependency */ = {
			isa = PBXTargetDependency;
			target = D9D3DB7A256E7BC00035560E /* PodcastApp */;
			targetProxy = D9D3DB8D256E7BC30035560E /* PBXContainerItemProxy */;
		};
		D9D3DB99256E7BC30035560E /* PBXTargetDependency */ = {
			isa = PBXTargetDependency;
			target = D9D3DB7A256E7BC00035560E /* PodcastApp */;
			targetProxy = D9D3DB98256E7BC30035560E /* PBXContainerItemProxy */;
		};
/* End PBXTargetDependency section */

/* Begin XCBuildConfiguration section */
		D9D3DB9E256E7BC30035560E /* Debug */ = {
			isa = XCBuildConfiguration;
			buildSettings = {
				ALWAYS_SEARCH_USER_PATHS = NO;
				CLANG_ANALYZER_NONNULL = YES;
				CLANG_ANALYZER_NUMBER_OBJECT_CONVERSION = YES_AGGRESSIVE;
				CLANG_CXX_LANGUAGE_STANDARD = "gnu++14";
				CLANG_CXX_LIBRARY = "libc++";
				CLANG_ENABLE_MODULES = YES;
				CLANG_ENABLE_OBJC_ARC = YES;
				CLANG_ENABLE_OBJC_WEAK = YES;
				CLANG_WARN_BLOCK_CAPTURE_AUTORELEASING = YES;
				CLANG_WARN_BOOL_CONVERSION = YES;
				CLANG_WARN_COMMA = YES;
				CLANG_WARN_CONSTANT_CONVERSION = YES;
				CLANG_WARN_DEPRECATED_OBJC_IMPLEMENTATIONS = YES;
				CLANG_WARN_DIRECT_OBJC_ISA_USAGE = YES_ERROR;
				CLANG_WARN_DOCUMENTATION_COMMENTS = YES;
				CLANG_WARN_EMPTY_BODY = YES;
				CLANG_WARN_ENUM_CONVERSION = YES;
				CLANG_WARN_INFINITE_RECURSION = YES;
				CLANG_WARN_INT_CONVERSION = YES;
				CLANG_WARN_NON_LITERAL_NULL_CONVERSION = YES;
				CLANG_WARN_OBJC_IMPLICIT_RETAIN_SELF = YES;
				CLANG_WARN_OBJC_LITERAL_CONVERSION = YES;
				CLANG_WARN_OBJC_ROOT_CLASS = YES_ERROR;
				CLANG_WARN_QUOTED_INCLUDE_IN_FRAMEWORK_HEADER = YES;
				CLANG_WARN_RANGE_LOOP_ANALYSIS = YES;
				CLANG_WARN_STRICT_PROTOTYPES = YES;
				CLANG_WARN_SUSPICIOUS_MOVE = YES;
				CLANG_WARN_UNGUARDED_AVAILABILITY = YES_AGGRESSIVE;
				CLANG_WARN_UNREACHABLE_CODE = YES;
				CLANG_WARN__DUPLICATE_METHOD_MATCH = YES;
				COPY_PHASE_STRIP = NO;
				DEBUG_INFORMATION_FORMAT = dwarf;
				ENABLE_STRICT_OBJC_MSGSEND = YES;
				ENABLE_TESTABILITY = YES;
				GCC_C_LANGUAGE_STANDARD = gnu11;
				GCC_DYNAMIC_NO_PIC = NO;
				GCC_NO_COMMON_BLOCKS = YES;
				GCC_OPTIMIZATION_LEVEL = 0;
				GCC_PREPROCESSOR_DEFINITIONS = (
					"DEBUG=1",
					"$(inherited)",
				);
				GCC_WARN_64_TO_32_BIT_CONVERSION = YES;
				GCC_WARN_ABOUT_RETURN_TYPE = YES_ERROR;
				GCC_WARN_UNDECLARED_SELECTOR = YES;
				GCC_WARN_UNINITIALIZED_AUTOS = YES_AGGRESSIVE;
				GCC_WARN_UNUSED_FUNCTION = YES;
				GCC_WARN_UNUSED_VARIABLE = YES;
				IPHONEOS_DEPLOYMENT_TARGET = 14.2;
				MTL_ENABLE_DEBUG_INFO = INCLUDE_SOURCE;
				MTL_FAST_MATH = YES;
				ONLY_ACTIVE_ARCH = YES;
				SDKROOT = iphoneos;
				SWIFT_ACTIVE_COMPILATION_CONDITIONS = DEBUG;
				SWIFT_OPTIMIZATION_LEVEL = "-Onone";
			};
			name = Debug;
		};
		D9D3DB9F256E7BC30035560E /* Release */ = {
			isa = XCBuildConfiguration;
			buildSettings = {
				ALWAYS_SEARCH_USER_PATHS = NO;
				CLANG_ANALYZER_NONNULL = YES;
				CLANG_ANALYZER_NUMBER_OBJECT_CONVERSION = YES_AGGRESSIVE;
				CLANG_CXX_LANGUAGE_STANDARD = "gnu++14";
				CLANG_CXX_LIBRARY = "libc++";
				CLANG_ENABLE_MODULES = YES;
				CLANG_ENABLE_OBJC_ARC = YES;
				CLANG_ENABLE_OBJC_WEAK = YES;
				CLANG_WARN_BLOCK_CAPTURE_AUTORELEASING = YES;
				CLANG_WARN_BOOL_CONVERSION = YES;
				CLANG_WARN_COMMA = YES;
				CLANG_WARN_CONSTANT_CONVERSION = YES;
				CLANG_WARN_DEPRECATED_OBJC_IMPLEMENTATIONS = YES;
				CLANG_WARN_DIRECT_OBJC_ISA_USAGE = YES_ERROR;
				CLANG_WARN_DOCUMENTATION_COMMENTS = YES;
				CLANG_WARN_EMPTY_BODY = YES;
				CLANG_WARN_ENUM_CONVERSION = YES;
				CLANG_WARN_INFINITE_RECURSION = YES;
				CLANG_WARN_INT_CONVERSION = YES;
				CLANG_WARN_NON_LITERAL_NULL_CONVERSION = YES;
				CLANG_WARN_OBJC_IMPLICIT_RETAIN_SELF = YES;
				CLANG_WARN_OBJC_LITERAL_CONVERSION = YES;
				CLANG_WARN_OBJC_ROOT_CLASS = YES_ERROR;
				CLANG_WARN_QUOTED_INCLUDE_IN_FRAMEWORK_HEADER = YES;
				CLANG_WARN_RANGE_LOOP_ANALYSIS = YES;
				CLANG_WARN_STRICT_PROTOTYPES = YES;
				CLANG_WARN_SUSPICIOUS_MOVE = YES;
				CLANG_WARN_UNGUARDED_AVAILABILITY = YES_AGGRESSIVE;
				CLANG_WARN_UNREACHABLE_CODE = YES;
				CLANG_WARN__DUPLICATE_METHOD_MATCH = YES;
				COPY_PHASE_STRIP = NO;
				DEBUG_INFORMATION_FORMAT = "dwarf-with-dsym";
				ENABLE_NS_ASSERTIONS = NO;
				ENABLE_STRICT_OBJC_MSGSEND = YES;
				GCC_C_LANGUAGE_STANDARD = gnu11;
				GCC_NO_COMMON_BLOCKS = YES;
				GCC_WARN_64_TO_32_BIT_CONVERSION = YES;
				GCC_WARN_ABOUT_RETURN_TYPE = YES_ERROR;
				GCC_WARN_UNDECLARED_SELECTOR = YES;
				GCC_WARN_UNINITIALIZED_AUTOS = YES_AGGRESSIVE;
				GCC_WARN_UNUSED_FUNCTION = YES;
				GCC_WARN_UNUSED_VARIABLE = YES;
				IPHONEOS_DEPLOYMENT_TARGET = 14.2;
				MTL_ENABLE_DEBUG_INFO = NO;
				MTL_FAST_MATH = YES;
				SDKROOT = iphoneos;
				SWIFT_COMPILATION_MODE = wholemodule;
				SWIFT_OPTIMIZATION_LEVEL = "-O";
				VALIDATE_PRODUCT = YES;
			};
			name = Release;
		};
		D9D3DBA1256E7BC30035560E /* Debug */ = {
			isa = XCBuildConfiguration;
			buildSettings = {
				ASSETCATALOG_COMPILER_APPICON_NAME = AppIcon;
				ASSETCATALOG_COMPILER_GLOBAL_ACCENT_COLOR_NAME = AccentColor;
				CODE_SIGN_STYLE = Automatic;
				DEVELOPMENT_ASSET_PATHS = "\"PodcastApp/Preview Content\"";
				DEVELOPMENT_TEAM = L8X3H5XA82;
				ENABLE_PREVIEWS = YES;
				INFOPLIST_FILE = PodcastApp/Info.plist;
				IPHONEOS_DEPLOYMENT_TARGET = 14.0;
				LD_RUNPATH_SEARCH_PATHS = (
					"$(inherited)",
					"@executable_path/Frameworks",
				);
				PRODUCT_BUNDLE_IDENTIFIER = com.rafaelschmitt.PodcastApp;
				PRODUCT_NAME = "$(TARGET_NAME)";
				SWIFT_VERSION = 5.0;
				TARGETED_DEVICE_FAMILY = "1,2";
			};
			name = Debug;
		};
		D9D3DBA2256E7BC30035560E /* Release */ = {
			isa = XCBuildConfiguration;
			buildSettings = {
				ASSETCATALOG_COMPILER_APPICON_NAME = AppIcon;
				ASSETCATALOG_COMPILER_GLOBAL_ACCENT_COLOR_NAME = AccentColor;
				CODE_SIGN_STYLE = Automatic;
				DEVELOPMENT_ASSET_PATHS = "\"PodcastApp/Preview Content\"";
				DEVELOPMENT_TEAM = L8X3H5XA82;
				ENABLE_PREVIEWS = YES;
				INFOPLIST_FILE = PodcastApp/Info.plist;
				IPHONEOS_DEPLOYMENT_TARGET = 14.0;
				LD_RUNPATH_SEARCH_PATHS = (
					"$(inherited)",
					"@executable_path/Frameworks",
				);
				PRODUCT_BUNDLE_IDENTIFIER = com.rafaelschmitt.PodcastApp;
				PRODUCT_NAME = "$(TARGET_NAME)";
				SWIFT_VERSION = 5.0;
				TARGETED_DEVICE_FAMILY = "1,2";
			};
			name = Release;
		};
		D9D3DBA4256E7BC30035560E /* Debug */ = {
			isa = XCBuildConfiguration;
			buildSettings = {
				ALWAYS_EMBED_SWIFT_STANDARD_LIBRARIES = YES;
				BUNDLE_LOADER = "$(TEST_HOST)";
				CODE_SIGN_STYLE = Automatic;
				DEVELOPMENT_TEAM = L8X3H5XA82;
				INFOPLIST_FILE = PodcastAppTests/Info.plist;
				IPHONEOS_DEPLOYMENT_TARGET = 14.0;
				LD_RUNPATH_SEARCH_PATHS = (
					"$(inherited)",
					"@executable_path/Frameworks",
					"@loader_path/Frameworks",
				);
				PRODUCT_BUNDLE_IDENTIFIER = com.rafaelschmitt.PodcastAppTests;
				PRODUCT_NAME = "$(TARGET_NAME)";
				SWIFT_VERSION = 5.0;
				TARGETED_DEVICE_FAMILY = "1,2";
				TEST_HOST = "$(BUILT_PRODUCTS_DIR)/PodcastApp.app/PodcastApp";
			};
			name = Debug;
		};
		D9D3DBA5256E7BC30035560E /* Release */ = {
			isa = XCBuildConfiguration;
			buildSettings = {
				ALWAYS_EMBED_SWIFT_STANDARD_LIBRARIES = YES;
				BUNDLE_LOADER = "$(TEST_HOST)";
				CODE_SIGN_STYLE = Automatic;
				DEVELOPMENT_TEAM = L8X3H5XA82;
				INFOPLIST_FILE = PodcastAppTests/Info.plist;
				IPHONEOS_DEPLOYMENT_TARGET = 14.0;
				LD_RUNPATH_SEARCH_PATHS = (
					"$(inherited)",
					"@executable_path/Frameworks",
					"@loader_path/Frameworks",
				);
				PRODUCT_BUNDLE_IDENTIFIER = com.rafaelschmitt.PodcastAppTests;
				PRODUCT_NAME = "$(TARGET_NAME)";
				SWIFT_VERSION = 5.0;
				TARGETED_DEVICE_FAMILY = "1,2";
				TEST_HOST = "$(BUILT_PRODUCTS_DIR)/PodcastApp.app/PodcastApp";
			};
			name = Release;
		};
		D9D3DBA7256E7BC30035560E /* Debug */ = {
			isa = XCBuildConfiguration;
			buildSettings = {
				ALWAYS_EMBED_SWIFT_STANDARD_LIBRARIES = YES;
				CODE_SIGN_STYLE = Automatic;
				DEVELOPMENT_TEAM = L8X3H5XA82;
				INFOPLIST_FILE = PodcastAppUITests/Info.plist;
				LD_RUNPATH_SEARCH_PATHS = (
					"$(inherited)",
					"@executable_path/Frameworks",
					"@loader_path/Frameworks",
				);
				PRODUCT_BUNDLE_IDENTIFIER = com.rafaelschmitt.PodcastAppUITests;
				PRODUCT_NAME = "$(TARGET_NAME)";
				SWIFT_VERSION = 5.0;
				TARGETED_DEVICE_FAMILY = "1,2";
				TEST_TARGET_NAME = PodcastApp;
			};
			name = Debug;
		};
		D9D3DBA8256E7BC30035560E /* Release */ = {
			isa = XCBuildConfiguration;
			buildSettings = {
				ALWAYS_EMBED_SWIFT_STANDARD_LIBRARIES = YES;
				CODE_SIGN_STYLE = Automatic;
				DEVELOPMENT_TEAM = L8X3H5XA82;
				INFOPLIST_FILE = PodcastAppUITests/Info.plist;
				LD_RUNPATH_SEARCH_PATHS = (
					"$(inherited)",
					"@executable_path/Frameworks",
					"@loader_path/Frameworks",
				);
				PRODUCT_BUNDLE_IDENTIFIER = com.rafaelschmitt.PodcastAppUITests;
				PRODUCT_NAME = "$(TARGET_NAME)";
				SWIFT_VERSION = 5.0;
				TARGETED_DEVICE_FAMILY = "1,2";
				TEST_TARGET_NAME = PodcastApp;
			};
			name = Release;
		};
/* End XCBuildConfiguration section */

/* Begin XCConfigurationList section */
		D9D3DB76256E7BC00035560E /* Build configuration list for PBXProject "PodcastApp" */ = {
			isa = XCConfigurationList;
			buildConfigurations = (
				D9D3DB9E256E7BC30035560E /* Debug */,
				D9D3DB9F256E7BC30035560E /* Release */,
			);
			defaultConfigurationIsVisible = 0;
			defaultConfigurationName = Release;
		};
		D9D3DBA0256E7BC30035560E /* Build configuration list for PBXNativeTarget "PodcastApp" */ = {
			isa = XCConfigurationList;
			buildConfigurations = (
				D9D3DBA1256E7BC30035560E /* Debug */,
				D9D3DBA2256E7BC30035560E /* Release */,
			);
			defaultConfigurationIsVisible = 0;
			defaultConfigurationName = Release;
		};
		D9D3DBA3256E7BC30035560E /* Build configuration list for PBXNativeTarget "PodcastAppTests" */ = {
			isa = XCConfigurationList;
			buildConfigurations = (
				D9D3DBA4256E7BC30035560E /* Debug */,
				D9D3DBA5256E7BC30035560E /* Release */,
			);
			defaultConfigurationIsVisible = 0;
			defaultConfigurationName = Release;
		};
		D9D3DBA6256E7BC30035560E /* Build configuration list for PBXNativeTarget "PodcastAppUITests" */ = {
			isa = XCConfigurationList;
			buildConfigurations = (
				D9D3DBA7256E7BC30035560E /* Debug */,
				D9D3DBA8256E7BC30035560E /* Release */,
			);
			defaultConfigurationIsVisible = 0;
			defaultConfigurationName = Release;
		};
/* End XCConfigurationList section */

/* Begin XCRemoteSwiftPackageReference section */
		D9D3DBAC256E89C80035560E /* XCRemoteSwiftPackageReference "Alamofire" */ = {
			isa = XCRemoteSwiftPackageReference;
			repositoryURL = "https://github.com/Alamofire/Alamofire";
			requirement = {
				kind = upToNextMajorVersion;
				minimumVersion = 5.4.0;
			};
		};
/* End XCRemoteSwiftPackageReference section */

/* Begin XCSwiftPackageProductDependency section */
		D9D3DBAD256E89C80035560E /* Alamofire */ = {
			isa = XCSwiftPackageProductDependency;
			package = D9D3DBAC256E89C80035560E /* XCRemoteSwiftPackageReference "Alamofire" */;
			productName = Alamofire;
		};
/* End XCSwiftPackageProductDependency section */
	};
	rootObject = D9D3DB73256E7BC00035560E /* Project object */;
}
